{
  "originHash" : "c2bcd30583776914d5eb565ef52f168f7f7c7edd859d422f3e9a1ac56986dc85",
  "pins" : [
    {
      "identity" : "keychain-swift",
      "kind" : "remoteSourceControl",
      "location" : "https://github.com/evgenyneu/keychain-swift.git",
      "state" : {
        "revision" : "75677d8be3c50898c8ffd0d107f88aa2740301fc",
        "version" : "22.0.0"
      }
    },
    {
      "identity" : "viewinspector",
      "kind" : "remoteSourceControl",
      "location" : "https://github.com/nalexn/ViewInspector.git",
      "state" : {
        "revision" : "67319287749b83f39dcc2f20edd520c610c012fd",
        "version" : "0.9.10"
      }
    }
  ],
  "version" : 3
}
